
Microsoft Visual Studio Solution File, Format Version 12.00
# Visual Studio Version 16
VisualStudioVersion = 16.0.31112.23
MinimumVisualStudioVersion = 10.0.40219.1
Project("{FAE04EC0-301F-11D3-BF4B-00C04F79EFBC}") = "WebApiCore", "WebApiCore\WebApiCore.csproj", "{716CF45C-F42A-4037-8CB9-9FE3D4FBDBAA}"
EndProject
Global
	GlobalSection(SolutionConfigurationPlatforms) = preSolution
		Debug|Any CPU = Debug|Any CPU
		Release|Any CPU = Release|Any CPU
	EndGlobalSection
	GlobalSection(ProjectConfigurationPlatforms) = postSolution
		{716CF45C-F42A-4037-8CB9-9FE3D4FBDBAA}.Debug|Any CPU.ActiveCfg = Debug|Any CPU
		{716CF45C-F42A-4037-8CB9-9FE3D4FBDBAA}.Debug|Any CPU.Build.0 = Debug|Any CPU
		{716CF45C-F42A-4037-8CB9-9FE3D4FBDBAA}.Release|Any CPU.ActiveCfg = Release|Any CPU
		{716CF45C-F42A-4037-8CB9-9FE3D4FBDBAA}.Release|Any CPU.Build.0 = Release|Any CPU
	EndGlobalSection
	GlobalSection(SolutionProperties) = preSolution
		HideSolutionNode = FALSE
	EndGlobalSection
	GlobalSection(ExtensibilityGlobals) = postSolution
		SolutionGuid = {E23F3804-1FDE-4B27-B8F9-3AF685DF1281}
	EndGlobalSection
EndGlobal
